
Microsoft Visual Studio Solution File, Format Version 12.00
# Visual Studio Version 17
VisualStudioVersion = 17.5.2.0
MinimumVisualStudioVersion = 10.0.40219.1
Project("{FAE04EC0-301F-11D3-BF4B-00C04F79EFBC}") = "KueueConsole.Web", "KueueConsole.Web\KueueConsole.Web.csproj", "{22A22DA0-1919-4D24-9CFF-52A8247A2967}"
EndProject
Project("{FAE04EC0-301F-11D3-BF4B-00C04F79EFBC}") = "KueueConsole.Web.Tests", "KueueConsole.Web.Tests\KueueConsole.Web.Tests.csproj", "{7B3EF05C-1F2B-449A-A221-E50B9E1D4B05}"
EndProject
Global
	GlobalSection(SolutionConfigurationPlatforms) = preSolution
		Debug|Any CPU = Debug|Any CPU
		Debug|x64 = Debug|x64
		Debug|x86 = Debug|x86
		Release|Any CPU = Release|Any CPU
		Release|x64 = Release|x64
		Release|x86 = Release|x86
	EndGlobalSection
	GlobalSection(ProjectConfigurationPlatforms) = postSolution
		{22A22DA0-1919-4D24-9CFF-52A8247A2967}.Debug|Any CPU.ActiveCfg = Debug|Any CPU
		{22A22DA0-1919-4D24-9CFF-52A8247A2967}.Debug|Any CPU.Build.0 = Debug|Any CPU
		{22A22DA0-1919-4D24-9CFF-52A8247A2967}.Debug|x64.ActiveCfg = Debug|Any CPU
		{22A22DA0-1919-4D24-9CFF-52A8247A2967}.Debug|x64.Build.0 = Debug|Any CPU
		{22A22DA0-1919-4D24-9CFF-52A8247A2967}.Debug|x86.ActiveCfg = Debug|Any CPU
		{22A22DA0-1919-4D24-9CFF-52A8247A2967}.Debug|x86.Build.0 = Debug|Any CPU
		{22A22DA0-1919-4D24-9CFF-52A8247A2967}.Release|Any CPU.ActiveCfg = Release|Any CPU
		{22A22DA0-1919-4D24-9CFF-52A8247A2967}.Release|Any CPU.Build.0 = Release|Any CPU
		{22A22DA0-1919-4D24-9CFF-52A8247A2967}.Release|x64.ActiveCfg = Release|Any CPU
		{22A22DA0-1919-4D24-9CFF-52A8247A2967}.Release|x64.Build.0 = Release|Any CPU
		{22A22DA0-1919-4D24-9CFF-52A8247A2967}.Release|x86.ActiveCfg = Release|Any CPU
		{22A22DA0-1919-4D24-9CFF-52A8247A2967}.Release|x86.Build.0 = Release|Any CPU
		{7B3EF05C-1F2B-449A-A221-E50B9E1D4B05}.Debug|Any CPU.ActiveCfg = Debug|Any CPU
		{7B3EF05C-1F2B-449A-A221-E50B9E1D4B05}.Debug|Any CPU.Build.0 = Debug|Any CPU
		{7B3EF05C-1F2B-449A-A221-E50B9E1D4B05}.Debug|x64.ActiveCfg = Debug|Any CPU
		{7B3EF05C-1F2B-449A-A221-E50B9E1D4B05}.Debug|x64.Build.0 = Debug|Any CPU
		{7B3EF05C-1F2B-449A-A221-E50B9E1D4B05}.Debug|x86.ActiveCfg = Debug|Any CPU
		{7B3EF05C-1F2B-449A-A221-E50B9E1D4B05}.Debug|x86.Build.0 = Debug|Any CPU
		{7B3EF05C-1F2B-449A-A221-E50B9E1D4B05}.Release|Any CPU.ActiveCfg = Release|Any CPU
		{7B3EF05C-1F2B-449A-A221-E50B9E1D4B05}.Release|Any CPU.Build.0 = Release|Any CPU
		{7B3EF05C-1F2B-449A-A221-E50B9E1D4B05}.Release|x64.ActiveCfg = Release|Any CPU
		{7B3EF05C-1F2B-449A-A221-E50B9E1D4B05}.Release|x64.Build.0 = Release|Any CPU
		{7B3EF05C-1F2B-449A-A221-E50B9E1D4B05}.Release|x86.ActiveCfg = Release|Any CPU
		{7B3EF05C-1F2B-449A-A221-E50B9E1D4B05}.Release|x86.Build.0 = Release|Any CPU
	EndGlobalSection
	GlobalSection(SolutionProperties) = preSolution
		HideSolutionNode = FALSE
	EndGlobalSection
	GlobalSection(ExtensibilityGlobals) = postSolution
		SolutionGuid = {F263B00D-A498-42DD-9985-1C075A5FD1C1}
	EndGlobalSection
EndGlobal
